
Microsoft Visual Studio Solution File, Format Version 12.00
# Visual Studio Version 16
VisualStudioVersion = 16.0.30907.101
MinimumVisualStudioVersion = 10.0.40219.1
Project("{FAE04EC0-301F-11D3-BF4B-00C04F79EFBC}") = "AngularFullCRUD", "AngularFullCRUD.csproj", "{13168757-A7D6-4C24-A970-CF83D872FFDA}"
EndProject
Global
	GlobalSection(SolutionConfigurationPlatforms) = preSolution
		Debug|Any CPU = Debug|Any CPU
		Release|Any CPU = Release|Any CPU
	EndGlobalSection
	GlobalSection(ProjectConfigurationPlatforms) = postSolution
		{13168757-A7D6-4C24-A970-CF83D872FFDA}.Debug|Any CPU.ActiveCfg = Debug|Any CPU
		{13168757-A7D6-4C24-A970-CF83D872FFDA}.Debug|Any CPU.Build.0 = Debug|Any CPU
		{13168757-A7D6-4C24-A970-CF83D872FFDA}.Release|Any CPU.ActiveCfg = Release|Any CPU
		{13168757-A7D6-4C24-A970-CF83D872FFDA}.Release|Any CPU.Build.0 = Release|Any CPU
	EndGlobalSection
	GlobalSection(SolutionProperties) = preSolution
		HideSolutionNode = FALSE
	EndGlobalSection
	GlobalSection(ExtensibilityGlobals) = postSolution
		SolutionGuid = {5AB1704D-302D-480C-A54C-258294914992}
	EndGlobalSection
EndGlobal
